
Microsoft Visual Studio Solution File, Format Version 12.00
# Visual Studio Version 16
VisualStudioVersion = 16.0.31410.357
MinimumVisualStudioVersion = 10.0.40219.1
Project("{9A19103F-16F7-4668-BE54-9A1E7A4F7556}") = "SerializeDeserialize", "SerializeDeserialize.csproj", "{847AB2FD-2837-492E-8A6F-984735A9BEE8}"
EndProject
Project("{9A19103F-16F7-4668-BE54-9A1E7A4F7556}") = "Serializee", "Serialize\Serializee.csproj", "{C0206937-1444-4019-9A37-373AFAA2F5B4}"
EndProject
Project("{9A19103F-16F7-4668-BE54-9A1E7A4F7556}") = "Deserializee", "Deserialize\Deserializee.csproj", "{12059C13-4968-4EBB-BCAA-2E6B5BDD83E1}"
EndProject
Project("{9A19103F-16F7-4668-BE54-9A1E7A4F7556}") = "UnitTest", "UnitTest\UnitTest.csproj", "{6B75886F-C604-4E52-8AF4-9B516F54DEFB}"
EndProject
Project("{FAE04EC0-301F-11D3-BF4B-00C04F79EFBC}") = "Playerdata", "Playerdata\Playerdata.csproj", "{88DDB445-D54F-48B3-A477-A06422035580}"
EndProject
Global
	GlobalSection(SolutionConfigurationPlatforms) = preSolution
		Debug|Any CPU = Debug|Any CPU
		Release|Any CPU = Release|Any CPU
	EndGlobalSection
	GlobalSection(ProjectConfigurationPlatforms) = postSolution
		{847AB2FD-2837-492E-8A6F-984735A9BEE8}.Debug|Any CPU.ActiveCfg = Debug|Any CPU
		{847AB2FD-2837-492E-8A6F-984735A9BEE8}.Debug|Any CPU.Build.0 = Debug|Any CPU
		{847AB2FD-2837-492E-8A6F-984735A9BEE8}.Release|Any CPU.ActiveCfg = Release|Any CPU
		{847AB2FD-2837-492E-8A6F-984735A9BEE8}.Release|Any CPU.Build.0 = Release|Any CPU
		{C0206937-1444-4019-9A37-373AFAA2F5B4}.Debug|Any CPU.ActiveCfg = Debug|Any CPU
		{C0206937-1444-4019-9A37-373AFAA2F5B4}.Debug|Any CPU.Build.0 = Debug|Any CPU
		{C0206937-1444-4019-9A37-373AFAA2F5B4}.Release|Any CPU.ActiveCfg = Release|Any CPU
		{C0206937-1444-4019-9A37-373AFAA2F5B4}.Release|Any CPU.Build.0 = Release|Any CPU
		{12059C13-4968-4EBB-BCAA-2E6B5BDD83E1}.Debug|Any CPU.ActiveCfg = Debug|Any CPU
		{12059C13-4968-4EBB-BCAA-2E6B5BDD83E1}.Debug|Any CPU.Build.0 = Debug|Any CPU
		{12059C13-4968-4EBB-BCAA-2E6B5BDD83E1}.Release|Any CPU.ActiveCfg = Release|Any CPU
		{12059C13-4968-4EBB-BCAA-2E6B5BDD83E1}.Release|Any CPU.Build.0 = Release|Any CPU
		{6B75886F-C604-4E52-8AF4-9B516F54DEFB}.Debug|Any CPU.ActiveCfg = Debug|Any CPU
		{6B75886F-C604-4E52-8AF4-9B516F54DEFB}.Debug|Any CPU.Build.0 = Debug|Any CPU
		{6B75886F-C604-4E52-8AF4-9B516F54DEFB}.Release|Any CPU.ActiveCfg = Release|Any CPU
		{6B75886F-C604-4E52-8AF4-9B516F54DEFB}.Release|Any CPU.Build.0 = Release|Any CPU
		{88DDB445-D54F-48B3-A477-A06422035580}.Debug|Any CPU.ActiveCfg = Debug|Any CPU
		{88DDB445-D54F-48B3-A477-A06422035580}.Debug|Any CPU.Build.0 = Debug|Any CPU
		{88DDB445-D54F-48B3-A477-A06422035580}.Release|Any CPU.ActiveCfg = Release|Any CPU
		{88DDB445-D54F-48B3-A477-A06422035580}.Release|Any CPU.Build.0 = Release|Any CPU
	EndGlobalSection
	GlobalSection(SolutionProperties) = preSolution
		HideSolutionNode = FALSE
	EndGlobalSection
	GlobalSection(ExtensibilityGlobals) = postSolution
		SolutionGuid = {5817CF0A-AFDA-4FE4-9C91-14BFEF7E2C42}
	EndGlobalSection
EndGlobal
